
Microsoft Visual Studio Solution File, Format Version 12.00
# Visual Studio Version 16
VisualStudioVersion = 16.0.31025.194
MinimumVisualStudioVersion = 10.0.40219.1
Project("{8BC9CEB8-8B4A-11D0-8D11-00A0C91BC942}") = "matmul_C", "matmul_C\matmul_C.vcxproj", "{67B758E6-201B-4A3B-AE47-05BBA62008FE}"
EndProject
Project("{FAE04EC0-301F-11D3-BF4B-00C04F79EFBC}") = "matmul_Csharp", "matmul_Csharp\matmul_Csharp.csproj", "{8748CBB8-B2EA-425E-B8AC-CEB27F722737}"
EndProject
Project("{FAE04EC0-301F-11D3-BF4B-00C04F79EFBC}") = "MatMulLib", "MatMulLib\MatMulLib.csproj", "{25FF6A11-D472-4F57-9C7B-AE24C6B3E581}"
EndProject
Global
	GlobalSection(SolutionConfigurationPlatforms) = preSolution
		Debug|Any CPU = Debug|Any CPU
		Debug|x64 = Debug|x64
		Debug|x86 = Debug|x86
		Release|Any CPU = Release|Any CPU
		Release|x64 = Release|x64
		Release|x86 = Release|x86
	EndGlobalSection
	GlobalSection(ProjectConfigurationPlatforms) = postSolution
		{67B758E6-201B-4A3B-AE47-05BBA62008FE}.Debug|Any CPU.ActiveCfg = Debug|Win32
		{67B758E6-201B-4A3B-AE47-05BBA62008FE}.Debug|x64.ActiveCfg = Debug|x64
		{67B758E6-201B-4A3B-AE47-05BBA62008FE}.Debug|x64.Build.0 = Debug|x64
		{67B758E6-201B-4A3B-AE47-05BBA62008FE}.Debug|x86.ActiveCfg = Debug|Win32
		{67B758E6-201B-4A3B-AE47-05BBA62008FE}.Debug|x86.Build.0 = Debug|Win32
		{67B758E6-201B-4A3B-AE47-05BBA62008FE}.Release|Any CPU.ActiveCfg = Release|Win32
		{67B758E6-201B-4A3B-AE47-05BBA62008FE}.Release|x64.ActiveCfg = Release|x64
		{67B758E6-201B-4A3B-AE47-05BBA62008FE}.Release|x64.Build.0 = Release|x64
		{67B758E6-201B-4A3B-AE47-05BBA62008FE}.Release|x86.ActiveCfg = Release|Win32
		{67B758E6-201B-4A3B-AE47-05BBA62008FE}.Release|x86.Build.0 = Release|Win32
		{8748CBB8-B2EA-425E-B8AC-CEB27F722737}.Debug|Any CPU.ActiveCfg = Debug|Any CPU
		{8748CBB8-B2EA-425E-B8AC-CEB27F722737}.Debug|Any CPU.Build.0 = Debug|Any CPU
		{8748CBB8-B2EA-425E-B8AC-CEB27F722737}.Debug|x64.ActiveCfg = Debug|Any CPU
		{8748CBB8-B2EA-425E-B8AC-CEB27F722737}.Debug|x64.Build.0 = Debug|Any CPU
		{8748CBB8-B2EA-425E-B8AC-CEB27F722737}.Debug|x86.ActiveCfg = Debug|Any CPU
		{8748CBB8-B2EA-425E-B8AC-CEB27F722737}.Debug|x86.Build.0 = Debug|Any CPU
		{8748CBB8-B2EA-425E-B8AC-CEB27F722737}.Release|Any CPU.ActiveCfg = Release|Any CPU
		{8748CBB8-B2EA-425E-B8AC-CEB27F722737}.Release|Any CPU.Build.0 = Release|Any CPU
		{8748CBB8-B2EA-425E-B8AC-CEB27F722737}.Release|x64.ActiveCfg = Release|Any CPU
		{8748CBB8-B2EA-425E-B8AC-CEB27F722737}.Release|x64.Build.0 = Release|Any CPU
		{8748CBB8-B2EA-425E-B8AC-CEB27F722737}.Release|x86.ActiveCfg = Release|Any CPU
		{8748CBB8-B2EA-425E-B8AC-CEB27F722737}.Release|x86.Build.0 = Release|Any CPU
		{25FF6A11-D472-4F57-9C7B-AE24C6B3E581}.Debug|Any CPU.ActiveCfg = Debug|Any CPU
		{25FF6A11-D472-4F57-9C7B-AE24C6B3E581}.Debug|Any CPU.Build.0 = Debug|Any CPU
		{25FF6A11-D472-4F57-9C7B-AE24C6B3E581}.Debug|x64.ActiveCfg = Debug|Any CPU
		{25FF6A11-D472-4F57-9C7B-AE24C6B3E581}.Debug|x64.Build.0 = Debug|Any CPU
		{25FF6A11-D472-4F57-9C7B-AE24C6B3E581}.Debug|x86.ActiveCfg = Debug|Any CPU
		{25FF6A11-D472-4F57-9C7B-AE24C6B3E581}.Debug|x86.Build.0 = Debug|Any CPU
		{25FF6A11-D472-4F57-9C7B-AE24C6B3E581}.Release|Any CPU.ActiveCfg = Release|Any CPU
		{25FF6A11-D472-4F57-9C7B-AE24C6B3E581}.Release|Any CPU.Build.0 = Release|Any CPU
		{25FF6A11-D472-4F57-9C7B-AE24C6B3E581}.Release|x64.ActiveCfg = Release|Any CPU
		{25FF6A11-D472-4F57-9C7B-AE24C6B3E581}.Release|x64.Build.0 = Release|Any CPU
		{25FF6A11-D472-4F57-9C7B-AE24C6B3E581}.Release|x86.ActiveCfg = Release|Any CPU
		{25FF6A11-D472-4F57-9C7B-AE24C6B3E581}.Release|x86.Build.0 = Release|Any CPU
	EndGlobalSection
	GlobalSection(SolutionProperties) = preSolution
		HideSolutionNode = FALSE
	EndGlobalSection
	GlobalSection(ExtensibilityGlobals) = postSolution
		SolutionGuid = {61D9058E-186B-4FE5-B849-1B7F6F57AECA}
	EndGlobalSection
EndGlobal
